Microsoft Visual Studio Solution File, Format Version 12.00
# Visual Studio Version 17
VisualStudioVersion = 17.12.35521.163 d17.12
MinimumVisualStudioVersion = 10.0.40219.1
Project("{FAE04EC0-301F-11D3-BF4B-00C04F79EFBC}") = "TalentPoc.AppHost", "TalentPoc.AppHost\TalentPoc.AppHost.csproj", "{E5147C26-A516-4025-B72E-30DE96B05C4D}"
EndProject
Project("{FAE04EC0-301F-11D3-BF4B-00C04F79EFBC}") = "TalentPoc.ServiceDefaults", "TalentPoc.ServiceDefaults\TalentPoc.ServiceDefaults.csproj", "{3DF712D2-F4DD-4FFC-AB51-AF8B12BE23BD}"
EndProject
Project("{FAE04EC0-301F-11D3-BF4B-00C04F79EFBC}") = "TalentPoc.ApiService", "TalentPoc.ApiService\TalentPoc.ApiService.csproj", "{39379222-E454-4442-87FE-99ABCBD490AE}"
EndProject
Project("{FAE04EC0-301F-11D3-BF4B-00C04F79EFBC}") = "TalentPoc.Web", "TalentPoc.Web\TalentPoc.Web.csproj", "{057266D2-3FEA-4BD7-9F10-EEC2410C1FCE}"
EndProject
Project("{FAE04EC0-301F-11D3-BF4B-00C04F79EFBC}") = "TalentPoc.Tests", "TalentPoc.Tests\TalentPoc.Tests.csproj", "{C7E59948-8E68-4533-B866-0A6D02D0DBEC}"
EndProject
Global
	GlobalSection(SolutionConfigurationPlatforms) = preSolution
		Debug|Any CPU = Debug|Any CPU
		Release|Any CPU = Release|Any CPU
	EndGlobalSection
	GlobalSection(ProjectConfigurationPlatforms) = postSolution
		{E5147C26-A516-4025-B72E-30DE96B05C4D}.Debug|Any CPU.ActiveCfg = Debug|Any CPU
		{E5147C26-A516-4025-B72E-30DE96B05C4D}.Debug|Any CPU.Build.0 = Debug|Any CPU
		{E5147C26-A516-4025-B72E-30DE96B05C4D}.Release|Any CPU.ActiveCfg = Release|Any CPU
		{E5147C26-A516-4025-B72E-30DE96B05C4D}.Release|Any CPU.Build.0 = Release|Any CPU
		{3DF712D2-F4DD-4FFC-AB51-AF8B12BE23BD}.Debug|Any CPU.ActiveCfg = Debug|Any CPU
		{3DF712D2-F4DD-4FFC-AB51-AF8B12BE23BD}.Debug|Any CPU.Build.0 = Debug|Any CPU
		{3DF712D2-F4DD-4FFC-AB51-AF8B12BE23BD}.Release|Any CPU.ActiveCfg = Release|Any CPU
		{3DF712D2-F4DD-4FFC-AB51-AF8B12BE23BD}.Release|Any CPU.Build.0 = Release|Any CPU
		{39379222-E454-4442-87FE-99ABCBD490AE}.Debug|Any CPU.ActiveCfg = Debug|Any CPU
		{39379222-E454-4442-87FE-99ABCBD490AE}.Debug|Any CPU.Build.0 = Debug|Any CPU
		{39379222-E454-4442-87FE-99ABCBD490AE}.Release|Any CPU.ActiveCfg = Release|Any CPU
		{39379222-E454-4442-87FE-99ABCBD490AE}.Release|Any CPU.Build.0 = Release|Any CPU
		{057266D2-3FEA-4BD7-9F10-EEC2410C1FCE}.Debug|Any CPU.ActiveCfg = Debug|Any CPU
		{057266D2-3FEA-4BD7-9F10-EEC2410C1FCE}.Debug|Any CPU.Build.0 = Debug|Any CPU
		{057266D2-3FEA-4BD7-9F10-EEC2410C1FCE}.Release|Any CPU.ActiveCfg = Release|Any CPU
		{057266D2-3FEA-4BD7-9F10-EEC2410C1FCE}.Release|Any CPU.Build.0 = Release|Any CPU
		{C7E59948-8E68-4533-B866-0A6D02D0DBEC}.Debug|Any CPU.ActiveCfg = Debug|Any CPU
		{C7E59948-8E68-4533-B866-0A6D02D0DBEC}.Debug|Any CPU.Build.0 = Debug|Any CPU
		{C7E59948-8E68-4533-B866-0A6D02D0DBEC}.Release|Any CPU.ActiveCfg = Release|Any CPU
		{C7E59948-8E68-4533-B866-0A6D02D0DBEC}.Release|Any CPU.Build.0 = Release|Any CPU
	EndGlobalSection
	GlobalSection(SolutionProperties) = preSolution
		HideSolutionNode = FALSE
	EndGlobalSection
EndGlobal
